
Microsoft Visual Studio Solution File, Format Version 12.00
# Visual Studio Version 16
VisualStudioVersion = 25.0.1706.7
MinimumVisualStudioVersion = 10.0.40219.1
Project("{FAE04EC0-301F-11D3-BF4B-00C04F79EFBC}") = "EmbeddedIOSNavigationIssue", "EmbeddedIOSNavigationIssue\EmbeddedIOSNavigationIssue.csproj", "{E8CBD3FE-E964-45B2-A308-B0DAEB3266E6}"
EndProject
Project("{FAE04EC0-301F-11D3-BF4B-00C04F79EFBC}") = "IOSExtensionSample", "IOSExtensionSample\IOSExtensionSample.csproj", "{66607AD1-2F9F-43C2-98E6-8ECFFE80A61E}"
EndProject
Project("{FAE04EC0-301F-11D3-BF4B-00C04F79EFBC}") = "Core", "Core\Core.csproj", "{452ACDA9-B7B3-4BDE-AAF3-A1453CAE2B21}"
EndProject
Global
	GlobalSection(SolutionConfigurationPlatforms) = preSolution
		Debug|Any CPU = Debug|Any CPU
		Release|Any CPU = Release|Any CPU
	EndGlobalSection
	GlobalSection(ProjectConfigurationPlatforms) = postSolution
		{E8CBD3FE-E964-45B2-A308-B0DAEB3266E6}.Debug|Any CPU.ActiveCfg = Debug|Any CPU
		{E8CBD3FE-E964-45B2-A308-B0DAEB3266E6}.Debug|Any CPU.Build.0 = Debug|Any CPU
		{E8CBD3FE-E964-45B2-A308-B0DAEB3266E6}.Release|Any CPU.ActiveCfg = Release|Any CPU
		{E8CBD3FE-E964-45B2-A308-B0DAEB3266E6}.Release|Any CPU.Build.0 = Release|Any CPU
		{66607AD1-2F9F-43C2-98E6-8ECFFE80A61E}.Debug|Any CPU.ActiveCfg = Debug|Any CPU
		{66607AD1-2F9F-43C2-98E6-8ECFFE80A61E}.Debug|Any CPU.Build.0 = Debug|Any CPU
		{66607AD1-2F9F-43C2-98E6-8ECFFE80A61E}.Release|Any CPU.ActiveCfg = Release|Any CPU
		{66607AD1-2F9F-43C2-98E6-8ECFFE80A61E}.Release|Any CPU.Build.0 = Release|Any CPU
		{452ACDA9-B7B3-4BDE-AAF3-A1453CAE2B21}.Debug|Any CPU.ActiveCfg = Debug|Any CPU
		{452ACDA9-B7B3-4BDE-AAF3-A1453CAE2B21}.Debug|Any CPU.Build.0 = Debug|Any CPU
		{452ACDA9-B7B3-4BDE-AAF3-A1453CAE2B21}.Release|Any CPU.ActiveCfg = Release|Any CPU
		{452ACDA9-B7B3-4BDE-AAF3-A1453CAE2B21}.Release|Any CPU.Build.0 = Release|Any CPU
	EndGlobalSection
	GlobalSection(SolutionProperties) = preSolution
		HideSolutionNode = FALSE
	EndGlobalSection
	GlobalSection(ExtensibilityGlobals) = postSolution
		SolutionGuid = {54599F8D-8A3F-4A2A-AD7D-D7396CE679D6}
	EndGlobalSection
EndGlobal
