
Microsoft Visual Studio Solution File, Format Version 12.00
# Visual Studio Version 16
VisualStudioVersion = 25.0.1706.0
MinimumVisualStudioVersion = 10.0.40219.1
Project("{FAE04EC0-301F-11D3-BF4B-00C04F79EFBC}") = "XamariniOS17CredentialProviderBinding", "XamariniOS17CredentialProviderBinding\XamariniOS17CredentialProviderBinding.csproj", "{63938BA1-0F72-4BFD-B7A4-823C146E43B4}"
EndProject
Global
	GlobalSection(SolutionConfigurationPlatforms) = preSolution
		Debug|Any CPU = Debug|Any CPU
		Release|Any CPU = Release|Any CPU
	EndGlobalSection
	GlobalSection(ProjectConfigurationPlatforms) = postSolution
		{63938BA1-0F72-4BFD-B7A4-823C146E43B4}.Debug|Any CPU.ActiveCfg = Debug|Any CPU
		{63938BA1-0F72-4BFD-B7A4-823C146E43B4}.Debug|Any CPU.Build.0 = Debug|Any CPU
		{63938BA1-0F72-4BFD-B7A4-823C146E43B4}.Release|Any CPU.ActiveCfg = Release|Any CPU
		{63938BA1-0F72-4BFD-B7A4-823C146E43B4}.Release|Any CPU.Build.0 = Release|Any CPU
	EndGlobalSection
	GlobalSection(SolutionProperties) = preSolution
		HideSolutionNode = FALSE
	EndGlobalSection
	GlobalSection(ExtensibilityGlobals) = postSolution
		SolutionGuid = {5EE0FEF7-C01A-4CAF-BCF0-3A1B818D056A}
	EndGlobalSection
EndGlobal
