// !$*UTF8*$!
{
	archiveVersion = 1;
	classes = {
	};
	objectVersion = 46;
	objects = {

/* Begin PBXAggregateTarget section */
		"MessagePack::MessagePackPackageTests::ProductTarget" /* MessagePackPackageTests */ = {
			isa = PBXAggregateTarget;
			buildConfigurationList = OBJ_57 /* Build configuration list for PBXAggregateTarget "MessagePackPackageTests" */;
			buildPhases = (
			);
			dependencies = (
				OBJ_60 /* PBXTargetDependency */,
			);
			name = MessagePackPackageTests;
			productName = MessagePackPackageTests;
		};
/* End PBXAggregateTarget section */

/* Begin PBXBuildFile section */
		1BC312FF2992DE9C00177F2A /* DataSpec.swift in Sources */ = {isa = PBXBuildFile; fileRef = 1BC312FE2992DE9C00177F2A /* DataSpec.swift */; };
		OBJ_38 /* AnyCodingKey.swift in Sources */ = {isa = PBXBuildFile; fileRef = OBJ_9 /* AnyCodingKey.swift */; };
		OBJ_39 /* Box.swift in Sources */ = {isa = PBXBuildFile; fileRef = OBJ_10 /* Box.swift */; };
		OBJ_40 /* KeyedDecodingContainer.swift in Sources */ = {isa = PBXBuildFile; fileRef = OBJ_12 /* KeyedDecodingContainer.swift */; };
		OBJ_41 /* MessagePackDecoder.swift in Sources */ = {isa = PBXBuildFile; fileRef = OBJ_13 /* MessagePackDecoder.swift */; };
		OBJ_42 /* SingleValueDecodingContainer.swift in Sources */ = {isa = PBXBuildFile; fileRef = OBJ_14 /* SingleValueDecodingContainer.swift */; };
		OBJ_43 /* UnkeyedDecodingContainer.swift in Sources */ = {isa = PBXBuildFile; fileRef = OBJ_15 /* UnkeyedDecodingContainer.swift */; };
		OBJ_44 /* KeyedEncodingContainer.swift in Sources */ = {isa = PBXBuildFile; fileRef = OBJ_17 /* KeyedEncodingContainer.swift */; };
		OBJ_45 /* MessagePackEncoder.swift in Sources */ = {isa = PBXBuildFile; fileRef = OBJ_18 /* MessagePackEncoder.swift */; };
		OBJ_46 /* SingleValueEncodingContainer.swift in Sources */ = {isa = PBXBuildFile; fileRef = OBJ_19 /* SingleValueEncodingContainer.swift */; };
		OBJ_47 /* UnkeyedEncodingContainer.swift in Sources */ = {isa = PBXBuildFile; fileRef = OBJ_20 /* UnkeyedEncodingContainer.swift */; };
		OBJ_48 /* FixedWidthInteger+Bytes.swift in Sources */ = {isa = PBXBuildFile; fileRef = OBJ_21 /* FixedWidthInteger+Bytes.swift */; };
		OBJ_55 /* Package.swift in Sources */ = {isa = PBXBuildFile; fileRef = OBJ_6 /* Package.swift */; };
		OBJ_66 /* Airport.swift in Sources */ = {isa = PBXBuildFile; fileRef = OBJ_24 /* Airport.swift */; };
		OBJ_67 /* MessagePackDecodingTests.swift in Sources */ = {isa = PBXBuildFile; fileRef = OBJ_25 /* MessagePackDecodingTests.swift */; };
		OBJ_68 /* MessagePackEncodingTests.swift in Sources */ = {isa = PBXBuildFile; fileRef = OBJ_26 /* MessagePackEncodingTests.swift */; };
		OBJ_69 /* MessagePackPerformanceTests.swift in Sources */ = {isa = PBXBuildFile; fileRef = OBJ_27 /* MessagePackPerformanceTests.swift */; };
		OBJ_70 /* MessagePackRoundTripTests.swift in Sources */ = {isa = PBXBuildFile; fileRef = OBJ_28 /* MessagePackRoundTripTests.swift */; };
		OBJ_72 /* MessagePack.framework in Frameworks */ = {isa = PBXBuildFile; fileRef = "MessagePack::MessagePack::Product" /* MessagePack.framework */; };
/* End PBXBuildFile section */

/* Begin PBXContainerItemProxy section */
		1BC312FC2989A1AD00177F2A /* PBXContainerItemProxy */ = {
			isa = PBXContainerItemProxy;
			containerPortal = OBJ_1 /* Project object */;
			proxyType = 1;
			remoteGlobalIDString = "MessagePack::MessagePack";
			remoteInfo = MessagePack;
		};
		1BC312FD2989A1B200177F2A /* PBXContainerItemProxy */ = {
			isa = PBXContainerItemProxy;
			containerPortal = OBJ_1 /* Project object */;
			proxyType = 1;
			remoteGlobalIDString = "MessagePack::MessagePackTests";
			remoteInfo = MessagePackTests;
		};
/* End PBXContainerItemProxy section */

/* Begin PBXFileReference section */
		1BC312FE2992DE9C00177F2A /* DataSpec.swift */ = {isa = PBXFileReference; lastKnownFileType = sourcecode.swift; path = DataSpec.swift; sourceTree = "<group>"; };
		"MessagePack::MessagePack::Product" /* MessagePack.framework */ = {isa = PBXFileReference; lastKnownFileType = wrapper.framework; path = MessagePack.framework; sourceTree = BUILT_PRODUCTS_DIR; };
		"MessagePack::MessagePackTests::Product" /* MessagePackTests.xctest */ = {isa = PBXFileReference; lastKnownFileType = file; path = MessagePackTests.xctest; sourceTree = BUILT_PRODUCTS_DIR; };
		OBJ_10 /* Box.swift */ = {isa = PBXFileReference; lastKnownFileType = sourcecode.swift; path = Box.swift; sourceTree = "<group>"; };
		OBJ_12 /* KeyedDecodingContainer.swift */ = {isa = PBXFileReference; lastKnownFileType = sourcecode.swift; path = KeyedDecodingContainer.swift; sourceTree = "<group>"; };
		OBJ_13 /* MessagePackDecoder.swift */ = {isa = PBXFileReference; lastKnownFileType = sourcecode.swift; path = MessagePackDecoder.swift; sourceTree = "<group>"; };
		OBJ_14 /* SingleValueDecodingContainer.swift */ = {isa = PBXFileReference; lastKnownFileType = sourcecode.swift; path = SingleValueDecodingContainer.swift; sourceTree = "<group>"; };
		OBJ_15 /* UnkeyedDecodingContainer.swift */ = {isa = PBXFileReference; lastKnownFileType = sourcecode.swift; path = UnkeyedDecodingContainer.swift; sourceTree = "<group>"; };
		OBJ_17 /* KeyedEncodingContainer.swift */ = {isa = PBXFileReference; lastKnownFileType = sourcecode.swift; path = KeyedEncodingContainer.swift; sourceTree = "<group>"; };
		OBJ_18 /* MessagePackEncoder.swift */ = {isa = PBXFileReference; lastKnownFileType = sourcecode.swift; path = MessagePackEncoder.swift; sourceTree = "<group>"; };
		OBJ_19 /* SingleValueEncodingContainer.swift */ = {isa = PBXFileReference; lastKnownFileType = sourcecode.swift; path = SingleValueEncodingContainer.swift; sourceTree = "<group>"; };
		OBJ_20 /* UnkeyedEncodingContainer.swift */ = {isa = PBXFileReference; lastKnownFileType = sourcecode.swift; path = UnkeyedEncodingContainer.swift; sourceTree = "<group>"; };
		OBJ_21 /* FixedWidthInteger+Bytes.swift */ = {isa = PBXFileReference; lastKnownFileType = sourcecode.swift; path = "FixedWidthInteger+Bytes.swift"; sourceTree = "<group>"; };
		OBJ_24 /* Airport.swift */ = {isa = PBXFileReference; lastKnownFileType = sourcecode.swift; path = Airport.swift; sourceTree = "<group>"; };
		OBJ_25 /* MessagePackDecodingTests.swift */ = {isa = PBXFileReference; lastKnownFileType = sourcecode.swift; path = MessagePackDecodingTests.swift; sourceTree = "<group>"; };
		OBJ_26 /* MessagePackEncodingTests.swift */ = {isa = PBXFileReference; lastKnownFileType = sourcecode.swift; path = MessagePackEncodingTests.swift; sourceTree = "<group>"; };
		OBJ_27 /* MessagePackPerformanceTests.swift */ = {isa = PBXFileReference; lastKnownFileType = sourcecode.swift; path = MessagePackPerformanceTests.swift; sourceTree = "<group>"; };
		OBJ_28 /* MessagePackRoundTripTests.swift */ = {isa = PBXFileReference; lastKnownFileType = sourcecode.swift; path = MessagePackRoundTripTests.swift; sourceTree = "<group>"; };
		OBJ_29 /* MessagePack.xcworkspace */ = {isa = PBXFileReference; lastKnownFileType = wrapper.workspace; path = MessagePack.xcworkspace; sourceTree = SOURCE_ROOT; };
		OBJ_6 /* Package.swift */ = {isa = PBXFileReference; explicitFileType = sourcecode.swift; path = Package.swift; sourceTree = "<group>"; };
		OBJ_9 /* AnyCodingKey.swift */ = {isa = PBXFileReference; lastKnownFileType = sourcecode.swift; path = AnyCodingKey.swift; sourceTree = "<group>"; };
/* End PBXFileReference section */

/* Begin PBXFrameworksBuildPhase section */
		OBJ_49 /* Frameworks */ = {
			isa = PBXFrameworksBuildPhase;
			buildActionMask = 0;
			files = (
			);
			runOnlyForDeploymentPostprocessing = 0;
		};
		OBJ_71 /* Frameworks */ = {
			isa = PBXFrameworksBuildPhase;
			buildActionMask = 0;
			files = (
				OBJ_72 /* MessagePack.framework in Frameworks */,
			);
			runOnlyForDeploymentPostprocessing = 0;
		};
/* End PBXFrameworksBuildPhase section */

/* Begin PBXGroup section */
		OBJ_11 /* Decoder */ = {
			isa = PBXGroup;
			children = (
				OBJ_12 /* KeyedDecodingContainer.swift */,
				OBJ_13 /* MessagePackDecoder.swift */,
				OBJ_14 /* SingleValueDecodingContainer.swift */,
				OBJ_15 /* UnkeyedDecodingContainer.swift */,
			);
			path = Decoder;
			sourceTree = "<group>";
		};
		OBJ_16 /* Encoder */ = {
			isa = PBXGroup;
			children = (
				OBJ_17 /* KeyedEncodingContainer.swift */,
				OBJ_18 /* MessagePackEncoder.swift */,
				OBJ_19 /* SingleValueEncodingContainer.swift */,
				OBJ_20 /* UnkeyedEncodingContainer.swift */,
			);
			path = Encoder;
			sourceTree = "<group>";
		};
		OBJ_22 /* Tests */ = {
			isa = PBXGroup;
			children = (
				OBJ_23 /* MessagePackTests */,
			);
			name = Tests;
			sourceTree = SOURCE_ROOT;
		};
		OBJ_23 /* MessagePackTests */ = {
			isa = PBXGroup;
			children = (
				OBJ_24 /* Airport.swift */,
				OBJ_25 /* MessagePackDecodingTests.swift */,
				OBJ_26 /* MessagePackEncodingTests.swift */,
				OBJ_27 /* MessagePackPerformanceTests.swift */,
				OBJ_28 /* MessagePackRoundTripTests.swift */,
			);
			name = MessagePackTests;
			path = Tests/MessagePackTests;
			sourceTree = SOURCE_ROOT;
		};
		OBJ_30 /* Products */ = {
			isa = PBXGroup;
			children = (
				"MessagePack::MessagePackTests::Product" /* MessagePackTests.xctest */,
				"MessagePack::MessagePack::Product" /* MessagePack.framework */,
			);
			name = Products;
			sourceTree = BUILT_PRODUCTS_DIR;
		};
		OBJ_5 /*  */ = {
			isa = PBXGroup;
			children = (
				OBJ_6 /* Package.swift */,
				OBJ_7 /* Sources */,
				OBJ_22 /* Tests */,
				OBJ_29 /* MessagePack.xcworkspace */,
				OBJ_30 /* Products */,
			);
			name = "";
			sourceTree = "<group>";
		};
		OBJ_7 /* Sources */ = {
			isa = PBXGroup;
			children = (
				OBJ_8 /* MessagePack */,
			);
			name = Sources;
			sourceTree = SOURCE_ROOT;
		};
		OBJ_8 /* MessagePack */ = {
			isa = PBXGroup;
			children = (
				OBJ_9 /* AnyCodingKey.swift */,
				OBJ_10 /* Box.swift */,
				OBJ_11 /* Decoder */,
				OBJ_16 /* Encoder */,
				OBJ_21 /* FixedWidthInteger+Bytes.swift */,
				1BC312FE2992DE9C00177F2A /* DataSpec.swift */,
			);
			name = MessagePack;
			path = Sources/MessagePack;
			sourceTree = SOURCE_ROOT;
		};
/* End PBXGroup section */

/* Begin PBXNativeTarget section */
		"MessagePack::MessagePack" /* MessagePack */ = {
			isa = PBXNativeTarget;
			buildConfigurationList = OBJ_34 /* Build configuration list for PBXNativeTarget "MessagePack" */;
			buildPhases = (
				OBJ_37 /* Sources */,
				OBJ_49 /* Frameworks */,
			);
			buildRules = (
			);
			dependencies = (
			);
			name = MessagePack;
			productName = MessagePack;
			productReference = "MessagePack::MessagePack::Product" /* MessagePack.framework */;
			productType = "com.apple.product-type.framework";
		};
		"MessagePack::MessagePackTests" /* MessagePackTests */ = {
			isa = PBXNativeTarget;
			buildConfigurationList = OBJ_62 /* Build configuration list for PBXNativeTarget "MessagePackTests" */;
			buildPhases = (
				OBJ_65 /* Sources */,
				OBJ_71 /* Frameworks */,
			);
			buildRules = (
			);
			dependencies = (
				OBJ_73 /* PBXTargetDependency */,
			);
			name = MessagePackTests;
			productName = MessagePackTests;
			productReference = "MessagePack::MessagePackTests::Product" /* MessagePackTests.xctest */;
			productType = "com.apple.product-type.bundle.unit-test";
		};
		"MessagePack::SwiftPMPackageDescription" /* MessagePackPackageDescription */ = {
			isa = PBXNativeTarget;
			buildConfigurationList = OBJ_51 /* Build configuration list for PBXNativeTarget "MessagePackPackageDescription" */;
			buildPhases = (
				OBJ_54 /* Sources */,
			);
			buildRules = (
			);
			dependencies = (
			);
			name = MessagePackPackageDescription;
			productName = MessagePackPackageDescription;
			productType = "com.apple.product-type.framework";
		};
/* End PBXNativeTarget section */

/* Begin PBXProject section */
		OBJ_1 /* Project object */ = {
			isa = PBXProject;
			attributes = {
				LastUpgradeCheck = 9999;
			};
			buildConfigurationList = OBJ_2 /* Build configuration list for PBXProject "MessagePack" */;
			compatibilityVersion = "Xcode 3.2";
			developmentRegion = English;
			hasScannedForEncodings = 0;
			knownRegions = (
				English,
				en,
			);
			mainGroup = OBJ_5 /*  */;
			productRefGroup = OBJ_30 /* Products */;
			projectDirPath = "";
			projectRoot = "";
			targets = (
				"MessagePack::MessagePack" /* MessagePack */,
				"MessagePack::SwiftPMPackageDescription" /* MessagePackPackageDescription */,
				"MessagePack::MessagePackPackageTests::ProductTarget" /* MessagePackPackageTests */,
				"MessagePack::MessagePackTests" /* MessagePackTests */,
			);
		};
/* End PBXProject section */

/* Begin PBXSourcesBuildPhase section */
		OBJ_37 /* Sources */ = {
			isa = PBXSourcesBuildPhase;
			buildActionMask = 0;
			files = (
				OBJ_38 /* AnyCodingKey.swift in Sources */,
				OBJ_39 /* Box.swift in Sources */,
				OBJ_40 /* KeyedDecodingContainer.swift in Sources */,
				OBJ_41 /* MessagePackDecoder.swift in Sources */,
				OBJ_42 /* SingleValueDecodingContainer.swift in Sources */,
				OBJ_43 /* UnkeyedDecodingContainer.swift in Sources */,
				OBJ_44 /* KeyedEncodingContainer.swift in Sources */,
				OBJ_45 /* MessagePackEncoder.swift in Sources */,
				OBJ_46 /* SingleValueEncodingContainer.swift in Sources */,
				OBJ_47 /* UnkeyedEncodingContainer.swift in Sources */,
				1BC312FF2992DE9C00177F2A /* DataSpec.swift in Sources */,
				OBJ_48 /* FixedWidthInteger+Bytes.swift in Sources */,
			);
			runOnlyForDeploymentPostprocessing = 0;
		};
		OBJ_54 /* Sources */ = {
			isa = PBXSourcesBuildPhase;
			buildActionMask = 0;
			files = (
				OBJ_55 /* Package.swift in Sources */,
			);
			runOnlyForDeploymentPostprocessing = 0;
		};
		OBJ_65 /* Sources */ = {
			isa = PBXSourcesBuildPhase;
			buildActionMask = 0;
			files = (
				OBJ_66 /* Airport.swift in Sources */,
				OBJ_67 /* MessagePackDecodingTests.swift in Sources */,
				OBJ_68 /* MessagePackEncodingTests.swift in Sources */,
				OBJ_69 /* MessagePackPerformanceTests.swift in Sources */,
				OBJ_70 /* MessagePackRoundTripTests.swift in Sources */,
			);
			runOnlyForDeploymentPostprocessing = 0;
		};
/* End PBXSourcesBuildPhase section */

/* Begin PBXTargetDependency section */
		OBJ_60 /* PBXTargetDependency */ = {
			isa = PBXTargetDependency;
			target = "MessagePack::MessagePackTests" /* MessagePackTests */;
			targetProxy = 1BC312FD2989A1B200177F2A /* PBXContainerItemProxy */;
		};
		OBJ_73 /* PBXTargetDependency */ = {
			isa = PBXTargetDependency;
			target = "MessagePack::MessagePack" /* MessagePack */;
			targetProxy = 1BC312FC2989A1AD00177F2A /* PBXContainerItemProxy */;
		};
/* End PBXTargetDependency section */

/* Begin XCBuildConfiguration section */
		OBJ_3 /* Debug */ = {
			isa = XCBuildConfiguration;
			buildSettings = {
				CLANG_ENABLE_OBJC_ARC = YES;
				COMBINE_HIDPI_IMAGES = YES;
				COPY_PHASE_STRIP = NO;
				DEBUG_INFORMATION_FORMAT = dwarf;
				DYLIB_INSTALL_NAME_BASE = "@rpath";
				ENABLE_NS_ASSERTIONS = YES;
				GCC_OPTIMIZATION_LEVEL = 0;
				GCC_PREPROCESSOR_DEFINITIONS = (
					"DEBUG=1",
					"$(inherited)",
				);
				MACOSX_DEPLOYMENT_TARGET = 10.10;
				ONLY_ACTIVE_ARCH = YES;
				OTHER_SWIFT_FLAGS = "-DXcode";
				PRODUCT_NAME = "$(TARGET_NAME)";
				SDKROOT = macosx;
				SUPPORTED_PLATFORMS = "macosx iphoneos iphonesimulator appletvos appletvsimulator watchos watchsimulator";
				SWIFT_ACTIVE_COMPILATION_CONDITIONS = "SWIFT_PACKAGE DEBUG";
				SWIFT_OPTIMIZATION_LEVEL = "-Onone";
				USE_HEADERMAP = NO;
			};
			name = Debug;
		};
		OBJ_35 /* Debug */ = {
			isa = XCBuildConfiguration;
			buildSettings = {
				ENABLE_TESTABILITY = YES;
				FRAMEWORK_SEARCH_PATHS = (
					"$(inherited)",
					"$(PLATFORM_DIR)/Developer/Library/Frameworks",
				);
				HEADER_SEARCH_PATHS = "$(inherited)";
				INFOPLIST_FILE = MessagePack.xcodeproj/MessagePack_Info.plist;
				LD_RUNPATH_SEARCH_PATHS = "$(inherited) $(TOOLCHAIN_DIR)/usr/lib/swift/macosx";
				OTHER_CFLAGS = "$(inherited)";
				OTHER_LDFLAGS = "$(inherited)";
				OTHER_SWIFT_FLAGS = "$(inherited)";
				PRODUCT_BUNDLE_IDENTIFIER = MessagePack;
				PRODUCT_MODULE_NAME = "$(TARGET_NAME:c99extidentifier)";
				PRODUCT_NAME = "$(TARGET_NAME:c99extidentifier)";
				SKIP_INSTALL = YES;
				SWIFT_ACTIVE_COMPILATION_CONDITIONS = "$(inherited)";
				SWIFT_VERSION = 4.0;
				TARGET_NAME = MessagePack;
			};
			name = Debug;
		};
		OBJ_36 /* Release */ = {
			isa = XCBuildConfiguration;
			buildSettings = {
				ENABLE_TESTABILITY = YES;
				FRAMEWORK_SEARCH_PATHS = (
					"$(inherited)",
					"$(PLATFORM_DIR)/Developer/Library/Frameworks",
				);
				HEADER_SEARCH_PATHS = "$(inherited)";
				INFOPLIST_FILE = MessagePack.xcodeproj/MessagePack_Info.plist;
				LD_RUNPATH_SEARCH_PATHS = "$(inherited) $(TOOLCHAIN_DIR)/usr/lib/swift/macosx";
				OTHER_CFLAGS = "$(inherited)";
				OTHER_LDFLAGS = "$(inherited)";
				OTHER_SWIFT_FLAGS = "$(inherited)";
				PRODUCT_BUNDLE_IDENTIFIER = MessagePack;
				PRODUCT_MODULE_NAME = "$(TARGET_NAME:c99extidentifier)";
				PRODUCT_NAME = "$(TARGET_NAME:c99extidentifier)";
				SKIP_INSTALL = YES;
				SWIFT_ACTIVE_COMPILATION_CONDITIONS = "$(inherited)";
				SWIFT_VERSION = 4.0;
				TARGET_NAME = MessagePack;
			};
			name = Release;
		};
		OBJ_4 /* Release */ = {
			isa = XCBuildConfiguration;
			buildSettings = {
				CLANG_ENABLE_OBJC_ARC = YES;
				COMBINE_HIDPI_IMAGES = YES;
				COPY_PHASE_STRIP = YES;
				DEBUG_INFORMATION_FORMAT = "dwarf-with-dsym";
				DYLIB_INSTALL_NAME_BASE = "@rpath";
				GCC_OPTIMIZATION_LEVEL = s;
				MACOSX_DEPLOYMENT_TARGET = 10.10;
				OTHER_SWIFT_FLAGS = "-DXcode";
				PRODUCT_NAME = "$(TARGET_NAME)";
				SDKROOT = macosx;
				SUPPORTED_PLATFORMS = "macosx iphoneos iphonesimulator appletvos appletvsimulator watchos watchsimulator";
				SWIFT_ACTIVE_COMPILATION_CONDITIONS = SWIFT_PACKAGE;
				SWIFT_OPTIMIZATION_LEVEL = "-Owholemodule";
				USE_HEADERMAP = NO;
			};
			name = Release;
		};
		OBJ_52 /* Debug */ = {
			isa = XCBuildConfiguration;
			buildSettings = {
				LD = /usr/bin/true;
				OTHER_SWIFT_FLAGS = "-swift-version 4 -I $(TOOLCHAIN_DIR)/usr/lib/swift/pm/4 -target x86_64-apple-macosx10.10 -sdk /Applications/Xcode-beta.app/Contents/Developer/Platforms/MacOSX.platform/Developer/SDKs/MacOSX10.14.sdk";
				SWIFT_VERSION = 4.0;
			};
			name = Debug;
		};
		OBJ_53 /* Release */ = {
			isa = XCBuildConfiguration;
			buildSettings = {
				LD = /usr/bin/true;
				OTHER_SWIFT_FLAGS = "-swift-version 4 -I $(TOOLCHAIN_DIR)/usr/lib/swift/pm/4 -target x86_64-apple-macosx10.10 -sdk /Applications/Xcode-beta.app/Contents/Developer/Platforms/MacOSX.platform/Developer/SDKs/MacOSX10.14.sdk";
				SWIFT_VERSION = 4.0;
			};
			name = Release;
		};
		OBJ_58 /* Debug */ = {
			isa = XCBuildConfiguration;
			buildSettings = {
			};
			name = Debug;
		};
		OBJ_59 /* Release */ = {
			isa = XCBuildConfiguration;
			buildSettings = {
			};
			name = Release;
		};
		OBJ_63 /* Debug */ = {
			isa = XCBuildConfiguration;
			buildSettings = {
				CLANG_ENABLE_MODULES = YES;
				EMBEDDED_CONTENT_CONTAINS_SWIFT = YES;
				FRAMEWORK_SEARCH_PATHS = (
					"$(inherited)",
					"$(PLATFORM_DIR)/Developer/Library/Frameworks",
				);
				HEADER_SEARCH_PATHS = "$(inherited)";
				INFOPLIST_FILE = MessagePack.xcodeproj/MessagePackTests_Info.plist;
				LD_RUNPATH_SEARCH_PATHS = "$(inherited) @loader_path/../Frameworks @loader_path/Frameworks";
				OTHER_CFLAGS = "$(inherited)";
				OTHER_LDFLAGS = "$(inherited)";
				OTHER_SWIFT_FLAGS = "$(inherited)";
				SWIFT_ACTIVE_COMPILATION_CONDITIONS = "$(inherited)";
				SWIFT_VERSION = 4.0;
				TARGET_NAME = MessagePackTests;
			};
			name = Debug;
		};
		OBJ_64 /* Release */ = {
			isa = XCBuildConfiguration;
			buildSettings = {
				CLANG_ENABLE_MODULES = YES;
				EMBEDDED_CONTENT_CONTAINS_SWIFT = YES;
				FRAMEWORK_SEARCH_PATHS = (
					"$(inherited)",
					"$(PLATFORM_DIR)/Developer/Library/Frameworks",
				);
				HEADER_SEARCH_PATHS = "$(inherited)";
				INFOPLIST_FILE = MessagePack.xcodeproj/MessagePackTests_Info.plist;
				LD_RUNPATH_SEARCH_PATHS = "$(inherited) @loader_path/../Frameworks @loader_path/Frameworks";
				OTHER_CFLAGS = "$(inherited)";
				OTHER_LDFLAGS = "$(inherited)";
				OTHER_SWIFT_FLAGS = "$(inherited)";
				SWIFT_ACTIVE_COMPILATION_CONDITIONS = "$(inherited)";
				SWIFT_VERSION = 4.0;
				TARGET_NAME = MessagePackTests;
			};
			name = Release;
		};
/* End XCBuildConfiguration section */

/* Begin XCConfigurationList section */
		OBJ_2 /* Build configuration list for PBXProject "MessagePack" */ = {
			isa = XCConfigurationList;
			buildConfigurations = (
				OBJ_3 /* Debug */,
				OBJ_4 /* Release */,
			);
			defaultConfigurationIsVisible = 0;
			defaultConfigurationName = Release;
		};
		OBJ_34 /* Build configuration list for PBXNativeTarget "MessagePack" */ = {
			isa = XCConfigurationList;
			buildConfigurations = (
				OBJ_35 /* Debug */,
				OBJ_36 /* Release */,
			);
			defaultConfigurationIsVisible = 0;
			defaultConfigurationName = Release;
		};
		OBJ_51 /* Build configuration list for PBXNativeTarget "MessagePackPackageDescription" */ = {
			isa = XCConfigurationList;
			buildConfigurations = (
				OBJ_52 /* Debug */,
				OBJ_53 /* Release */,
			);
			defaultConfigurationIsVisible = 0;
			defaultConfigurationName = Release;
		};
		OBJ_57 /* Build configuration list for PBXAggregateTarget "MessagePackPackageTests" */ = {
			isa = XCConfigurationList;
			buildConfigurations = (
				OBJ_58 /* Debug */,
				OBJ_59 /* Release */,
			);
			defaultConfigurationIsVisible = 0;
			defaultConfigurationName = Release;
		};
		OBJ_62 /* Build configuration list for PBXNativeTarget "MessagePackTests" */ = {
			isa = XCConfigurationList;
			buildConfigurations = (
				OBJ_63 /* Debug */,
				OBJ_64 /* Release */,
			);
			defaultConfigurationIsVisible = 0;
			defaultConfigurationName = Release;
		};
/* End XCConfigurationList section */
	};
	rootObject = OBJ_1 /* Project object */;
}
